github.com/kanishkatn/amdsmi/lib/go v0.0.0-20241022133934-2229c8b056f3 h1:9cpIXgEnM7n61nfkgMAnxjidO5E5s/yRjGJ1bfvBp3A=
github.com/kanishkatn/amdsmi/lib/go v0.0.0-20241022133934-2229c8b056f3/go.mod h1:t6l3lW9kWdeOJ3fX9tdxbYc+QuBXGgzZvoGMP8iQPQc=
github.com/kanishkatn/amdsmi/lib/go v0.0.0-20241022135454-8d3f43d31d1a h1:FwvkMU6Or7heiLuFNcjLI7tzs+2747RMmp2opNe3/xU=
github.com/kanishkatn/amdsmi/lib/go v0.0.0-20241022135454-8d3f43d31d1a/go.mod h1:t6l3lW9kWdeOJ3fX9tdxbYc+QuBXGgzZvoGMP8iQPQc=
github.com/kanishkatn/amdsmi/lib/go v0.0.0-20241022135617-952e07ab0a0b h1:o/9ejPfIIPTgxzNAkuFj4LvafS/abk9f4W+f8GCkXH0=
github.com/kanishkatn/amdsmi/lib/go v0.0.0-20241022135617-952e07ab0a0b/go.mod h1:t6l3lW9kWdeOJ3fX9tdxbYc+QuBXGgzZvoGMP8iQPQc=
